// !$*UTF8*$!
{
	archiveVersion = 1;
	classes = {
	};
	objectVersion = 51;
	objects = {

/* Begin PBXBuildFile section */
		4909019C25B91DB900E38196 /* AppDelegate.swift in Sources */ = {isa = PBXBuildFile; fileRef = 4909019B25B91DB900E38196 /* AppDelegate.swift */; };
		4909019E25B91DB900E38196 /* SceneDelegate.swift in Sources */ = {isa = PBXBuildFile; fileRef = 4909019D25B91DB900E38196 /* SceneDelegate.swift */; };
		490901A025B91DB900E38196 /* MainViewController.swift in Sources */ = {isa = PBXBuildFile; fileRef = 4909019F25B91DB900E38196 /* MainViewController.swift */; };
		490901A325B91DB900E38196 /* Main.storyboard in Resources */ = {isa = PBXBuildFile; fileRef = 490901A125B91DB900E38196 /* Main.storyboard */; };
		490901A525B91DC000E38196 /* Assets.xcassets in Resources */ = {isa = PBXBuildFile; fileRef = 490901A425B91DC000E38196 /* Assets.xcassets */; };
		490901A825B91DC000E38196 /* LaunchScreen.storyboard in Resources */ = {isa = PBXBuildFile; fileRef = 490901A625B91DC000E38196 /* LaunchScreen.storyboard */; };
		490901B325B91DC100E38196 /* DenizenTests.swift in Sources */ = {isa = PBXBuildFile; fileRef = 490901B225B91DC100E38196 /* DenizenTests.swift */; };
		490901BE25B91DC100E38196 /* DenizenUITests.swift in Sources */ = {isa = PBXBuildFile; fileRef = 490901BD25B91DC100E38196 /* DenizenUITests.swift */; };
		490BB81325D1A6C7000AA6CF /* DetailViewController.swift in Sources */ = {isa = PBXBuildFile; fileRef = 490BB81225D1A6C7000AA6CF /* DetailViewController.swift */; };
		490BB81825D1AA5C000AA6CF /* ContainerViewController.swift in Sources */ = {isa = PBXBuildFile; fileRef = 490BB81725D1AA5C000AA6CF /* ContainerViewController.swift */; };
		490BB81D25D1E660000AA6CF /* MainViewController + SearchBar.swift in Sources */ = {isa = PBXBuildFile; fileRef = 490BB81C25D1E660000AA6CF /* MainViewController + SearchBar.swift */; };
		490BB82725D1E7B2000AA6CF /* SearchResultsController.swift in Sources */ = {isa = PBXBuildFile; fileRef = 490BB82625D1E7B2000AA6CF /* SearchResultsController.swift */; };
		490D348625BF29D000E94116 /* ItemDetailViewController.swift in Sources */ = {isa = PBXBuildFile; fileRef = 490D348525BF29D000E94116 /* ItemDetailViewController.swift */; };
		490D348B25BF2CB200E94116 /* MainViewController + ResultsUpdate.swift in Sources */ = {isa = PBXBuildFile; fileRef = 490D348A25BF2CB200E94116 /* MainViewController + ResultsUpdate.swift */; };
		490D4CDA25CA33E3008D9015 /* MainViewController + OptionsBar.swift in Sources */ = {isa = PBXBuildFile; fileRef = 490D4CD925CA33E3008D9015 /* MainViewController + OptionsBar.swift */; };
		490D4CEF25CA3F32008D9015 /* FilterViewController.swift in Sources */ = {isa = PBXBuildFile; fileRef = 490D4CEE25CA3F32008D9015 /* FilterViewController.swift */; };
		490D4CF425CA607D008D9015 /* FilterSettingsTableViewController.swift in Sources */ = {isa = PBXBuildFile; fileRef = 490D4CF325CA607D008D9015 /* FilterSettingsTableViewController.swift */; };
		4918476325BCF0AE006AC15C /* TitleSupplementaryView.swift in Sources */ = {isa = PBXBuildFile; fileRef = 4918476225BCF0AE006AC15C /* TitleSupplementaryView.swift */; };
		4962957525DD56A500812024 /* CustomTabBar.swift in Sources */ = {isa = PBXBuildFile; fileRef = 4962957425DD56A500812024 /* CustomTabBar.swift */; };
		496A8EEA25D49E6200B390C0 /* 2.json in Resources */ = {isa = PBXBuildFile; fileRef = 496A8EDE25D49E6000B390C0 /* 2.json */; };
		496A8EEB25D49E6200B390C0 /* 5.json in Resources */ = {isa = PBXBuildFile; fileRef = 496A8EDF25D49E6000B390C0 /* 5.json */; };
		496A8EEC25D49E6200B390C0 /* 7.json in Resources */ = {isa = PBXBuildFile; fileRef = 496A8EE025D49E6000B390C0 /* 7.json */; };
		496A8EED25D49E6200B390C0 /* 10.json in Resources */ = {isa = PBXBuildFile; fileRef = 496A8EE125D49E6000B390C0 /* 10.json */; };
		496A8EEE25D49E6200B390C0 /* 3.json in Resources */ = {isa = PBXBuildFile; fileRef = 496A8EE225D49E6100B390C0 /* 3.json */; };
		496A8EEF25D49E6200B390C0 /* 6.json in Resources */ = {isa = PBXBuildFile; fileRef = 496A8EE325D49E6100B390C0 /* 6.json */; };
		496A8EF025D49E6200B390C0 /* 12.json in Resources */ = {isa = PBXBuildFile; fileRef = 496A8EE425D49E6100B390C0 /* 12.json */; };
		496A8EF125D49E6200B390C0 /* 1.json in Resources */ = {isa = PBXBuildFile; fileRef = 496A8EE525D49E6100B390C0 /* 1.json */; };
		496A8EF225D49E6200B390C0 /* 4.json in Resources */ = {isa = PBXBuildFile; fileRef = 496A8EE625D49E6100B390C0 /* 4.json */; };
		496A8EF325D49E6200B390C0 /* 8.json in Resources */ = {isa = PBXBuildFile; fileRef = 496A8EE725D49E6100B390C0 /* 8.json */; };
		496A8EF425D49E6200B390C0 /* 9.json in Resources */ = {isa = PBXBuildFile; fileRef = 496A8EE825D49E6100B390C0 /* 9.json */; };
		496A8EF525D49E6200B390C0 /* 11.json in Resources */ = {isa = PBXBuildFile; fileRef = 496A8EE925D49E6200B390C0 /* 11.json */; };
		49794B6725C75DBC00D2B2B5 /* ExpandTableViewController.swift in Sources */ = {isa = PBXBuildFile; fileRef = 49794B6625C75DBC00D2B2B5 /* ExpandTableViewController.swift */; };
		49993CD825BA14FC00091758 /* AppExtensions.swift in Sources */ = {isa = PBXBuildFile; fileRef = 49993CD725BA14FC00091758 /* AppExtensions.swift */; };
		49993CE025BA400A00091758 /* temp.swift in Sources */ = {isa = PBXBuildFile; fileRef = 49993CDF25BA400A00091758 /* temp.swift */; };
		49993CE525BA54C200091758 /* AppProtocols.swift in Sources */ = {isa = PBXBuildFile; fileRef = 49993CE425BA54C200091758 /* AppProtocols.swift */; };
		49993CEB25BA553100091758 /* MapKit.framework in Frameworks */ = {isa = PBXBuildFile; fileRef = 49993CEA25BA553100091758 /* MapKit.framework */; };
		49993CF025BA5AF900091758 /* AppDataTypes.swift in Sources */ = {isa = PBXBuildFile; fileRef = 49993CEF25BA5AF900091758 /* AppDataTypes.swift */; };
		499D566825BE0E3F00FB2FDE /* CollectionViewDataSource.swift in Sources */ = {isa = PBXBuildFile; fileRef = 499D566725BE0E3F00FB2FDE /* CollectionViewDataSource.swift */; };
		499D567F25BE308800FB2FDE /* WebServiceManager.swift in Sources */ = {isa = PBXBuildFile; fileRef = 499D567E25BE308800FB2FDE /* WebServiceManager.swift */; };
		499EB18025DC74FD006D0F18 /* FavouritesDataSource.swift in Sources */ = {isa = PBXBuildFile; fileRef = 499EB17F25DC74FD006D0F18 /* FavouritesDataSource.swift */; };
		499EB18D25DCC323006D0F18 /* WebViewController.swift in Sources */ = {isa = PBXBuildFile; fileRef = 499EB18C25DCC323006D0F18 /* WebViewController.swift */; };
		49BC9EF825C64F3F00859AF6 /* ExpandDetailViewController.swift in Sources */ = {isa = PBXBuildFile; fileRef = 49BC9EF725C64F3F00859AF6 /* ExpandDetailViewController.swift */; };
		49CE395D25D06BBB00660673 /* MapViewController.swift in Sources */ = {isa = PBXBuildFile; fileRef = 49CE395C25D06BBB00660673 /* MapViewController.swift */; };
		49CE396225D0D91B00660673 /* MapTableViewController.swift in Sources */ = {isa = PBXBuildFile; fileRef = 49CE396125D0D91B00660673 /* MapTableViewController.swift */; };
		49D9BE9C25BB865C00F59FDC /* MenuCell.swift in Sources */ = {isa = PBXBuildFile; fileRef = 49D9BE9B25BB865C00F59FDC /* MenuCell.swift */; };
		49E317B525D4565200129EA0 /* GradientLayer.swift in Sources */ = {isa = PBXBuildFile; fileRef = 49E317B425D4565200129EA0 /* GradientLayer.swift */; };
		49FF0B7725DAE71A008CB0B2 /* MainViewController+TabBar.swift in Sources */ = {isa = PBXBuildFile; fileRef = 49FF0B7625DAE71A008CB0B2 /* MainViewController+TabBar.swift */; };
		86CB5BDB5C47A74273118E92 /* Pods_DenizenTests.framework in Frameworks */ = {isa = PBXBuildFile; fileRef = 861951D686F8AE113AB2733D /* Pods_DenizenTests.framework */; };
		BB01434DCCA7020476E8DBB8 /* Pods_Denizen_DenizenUITests.framework in Frameworks */ = {isa = PBXBuildFile; fileRef = 579498E343E5D25F7720BFC9 /* Pods_Denizen_DenizenUITests.framework */; };
		E74CF363FCC8108FDEDB3D47 /* Pods_Denizen.framework in Frameworks */ = {isa = PBXBuildFile; fileRef = 5078C9CA5C8D025890357525 /* Pods_Denizen.framework */; };
/* End PBXBuildFile section */

/* Begin PBXContainerItemProxy section */
		490901AF25B91DC100E38196 /* PBXContainerItemProxy */ = {
			isa = PBXContainerItemProxy;
			containerPortal = 4909019025B91DB900E38196 /* Project object */;
			proxyType = 1;
			remoteGlobalIDString = 4909019725B91DB900E38196;
			remoteInfo = Denizen;
		};
		490901BA25B91DC100E38196 /* PBXContainerItemProxy */ = {
			isa = PBXContainerItemProxy;
			containerPortal = 4909019025B91DB900E38196 /* Project object */;
			proxyType = 1;
			remoteGlobalIDString = 4909019725B91DB900E38196;
			remoteInfo = Denizen;
		};
/* End PBXContainerItemProxy section */

/* Begin PBXFileReference section */
		434815BCC6C9A7C5EA9C8211 /* Pods-Denizen.release.xcconfig */ = {isa = PBXFileReference; includeInIndex = 1; lastKnownFileType = text.xcconfig; name = "Pods-Denizen.release.xcconfig"; path = "Target Support Files/Pods-Denizen/Pods-Denizen.release.xcconfig"; sourceTree = "<group>"; };
		4909019825B91DB900E38196 /* Denizen.app */ = {isa = PBXFileReference; explicitFileType = wrapper.application; includeInIndex = 0; path = Denizen.app; sourceTree = BUILT_PRODUCTS_DIR; };
		4909019B25B91DB900E38196 /* AppDelegate.swift */ = {isa = PBXFileReference; lastKnownFileType = sourcecode.swift; path = AppDelegate.swift; sourceTree = "<group>"; };
		4909019D25B91DB900E38196 /* SceneDelegate.swift */ = {isa = PBXFileReference; lastKnownFileType = sourcecode.swift; path = SceneDelegate.swift; sourceTree = "<group>"; };
		4909019F25B91DB900E38196 /* MainViewController.swift */ = {isa = PBXFileReference; lastKnownFileType = sourcecode.swift; path = MainViewController.swift; sourceTree = "<group>"; };
		490901A225B91DB900E38196 /* Base */ = {isa = PBXFileReference; lastKnownFileType = file.storyboard; name = Base; path = Base.lproj/Main.storyboard; sourceTree = "<group>"; };
		490901A425B91DC000E38196 /* Assets.xcassets */ = {isa = PBXFileReference; lastKnownFileType = folder.assetcatalog; path = Assets.xcassets; sourceTree = "<group>"; };
		490901A725B91DC000E38196 /* Base */ = {isa = PBXFileReference; lastKnownFileType = file.storyboard; name = Base; path = Base.lproj/LaunchScreen.storyboard; sourceTree = "<group>"; };
		490901A925B91DC000E38196 /* Info.plist */ = {isa = PBXFileReference; lastKnownFileType = text.plist.xml; path = Info.plist; sourceTree = "<group>"; };
		490901AE25B91DC100E38196 /* DenizenTests.xctest */ = {isa = PBXFileReference; explicitFileType = wrapper.cfbundle; includeInIndex = 0; path = DenizenTests.xctest; sourceTree = BUILT_PRODUCTS_DIR; };
		490901B225B91DC100E38196 /* DenizenTests.swift */ = {isa = PBXFileReference; lastKnownFileType = sourcecode.swift; path = DenizenTests.swift; sourceTree = "<group>"; };
		490901B425B91DC100E38196 /* Info.plist */ = {isa = PBXFileReference; lastKnownFileType = text.plist.xml; path = Info.plist; sourceTree = "<group>"; };
		490901B925B91DC100E38196 /* DenizenUITests.xctest */ = {isa = PBXFileReference; explicitFileType = wrapper.cfbundle; includeInIndex = 0; path = DenizenUITests.xctest; sourceTree = BUILT_PRODUCTS_DIR; };
		490901BD25B91DC100E38196 /* DenizenUITests.swift */ = {isa = PBXFileReference; lastKnownFileType = sourcecode.swift; path = DenizenUITests.swift; sourceTree = "<group>"; };
		490901BF25B91DC100E38196 /* Info.plist */ = {isa = PBXFileReference; lastKnownFileType = text.plist.xml; path = Info.plist; sourceTree = "<group>"; };
		490BB81225D1A6C7000AA6CF /* DetailViewController.swift */ = {isa = PBXFileReference; lastKnownFileType = sourcecode.swift; path = DetailViewController.swift; sourceTree = "<group>"; };
		490BB81725D1AA5C000AA6CF /* ContainerViewController.swift */ = {isa = PBXFileReference; lastKnownFileType = sourcecode.swift; path = ContainerViewController.swift; sourceTree = "<group>"; };
		490BB81C25D1E660000AA6CF /* MainViewController + SearchBar.swift */ = {isa = PBXFileReference; lastKnownFileType = sourcecode.swift; path = "MainViewController + SearchBar.swift"; sourceTree = "<group>"; };
		490BB82625D1E7B2000AA6CF /* SearchResultsController.swift */ = {isa = PBXFileReference; lastKnownFileType = sourcecode.swift; path = SearchResultsController.swift; sourceTree = "<group>"; };
		490D348525BF29D000E94116 /* ItemDetailViewController.swift */ = {isa = PBXFileReference; lastKnownFileType = sourcecode.swift; path = ItemDetailViewController.swift; sourceTree = "<group>"; };
		490D348A25BF2CB200E94116 /* MainViewController + ResultsUpdate.swift */ = {isa = PBXFileReference; lastKnownFileType = sourcecode.swift; path = "MainViewController + ResultsUpdate.swift"; sourceTree = "<group>"; };
		490D4CD925CA33E3008D9015 /* MainViewController + OptionsBar.swift */ = {isa = PBXFileReference; lastKnownFileType = sourcecode.swift; path = "MainViewController + OptionsBar.swift"; sourceTree = "<group>"; };
		490D4CEE25CA3F32008D9015 /* FilterViewController.swift */ = {isa = PBXFileReference; lastKnownFileType = sourcecode.swift; path = FilterViewController.swift; sourceTree = "<group>"; };
		490D4CF325CA607D008D9015 /* FilterSettingsTableViewController.swift */ = {isa = PBXFileReference; lastKnownFileType = sourcecode.swift; path = FilterSettingsTableViewController.swift; sourceTree = "<group>"; };
		4918476225BCF0AE006AC15C /* TitleSupplementaryView.swift */ = {isa = PBXFileReference; lastKnownFileType = sourcecode.swift; path = TitleSupplementaryView.swift; sourceTree = "<group>"; };
		49476F5325DF1B4E00B7F682 /* Denizen.entitlements */ = {isa = PBXFileReference; lastKnownFileType = text.plist.entitlements; path = Denizen.entitlements; sourceTree = "<group>"; };
		4962957425DD56A500812024 /* CustomTabBar.swift */ = {isa = PBXFileReference; lastKnownFileType = sourcecode.swift; path = CustomTabBar.swift; sourceTree = "<group>"; };
		496A8EDE25D49E6000B390C0 /* 2.json */ = {isa = PBXFileReference; fileEncoding = 4; lastKnownFileType = text.json; path = 2.json; sourceTree = "<group>"; };
		496A8EDF25D49E6000B390C0 /* 5.json */ = {isa = PBXFileReference; fileEncoding = 4; lastKnownFileType = text.json; path = 5.json; sourceTree = "<group>"; };
		496A8EE025D49E6000B390C0 /* 7.json */ = {isa = PBXFileReference; fileEncoding = 4; lastKnownFileType = text.json; path = 7.json; sourceTree = "<group>"; };
		496A8EE125D49E6000B390C0 /* 10.json */ = {isa = PBXFileReference; fileEncoding = 4; lastKnownFileType = text.json; path = 10.json; sourceTree = "<group>"; };
		496A8EE225D49E6100B390C0 /* 3.json */ = {isa = PBXFileReference; fileEncoding = 4; lastKnownFileType = text.json; path = 3.json; sourceTree = "<group>"; };
		496A8EE325D49E6100B390C0 /* 6.json */ = {isa = PBXFileReference; fileEncoding = 4; lastKnownFileType = text.json; path = 6.json; sourceTree = "<group>"; };
		496A8EE425D49E6100B390C0 /* 12.json */ = {isa = PBXFileReference; fileEncoding = 4; lastKnownFileType = text.json; path = 12.json; sourceTree = "<group>"; };
		496A8EE525D49E6100B390C0 /* 1.json */ = {isa = PBXFileReference; fileEncoding = 4; lastKnownFileType = text.json; path = 1.json; sourceTree = "<group>"; };
		496A8EE625D49E6100B390C0 /* 4.json */ = {isa = PBXFileReference; fileEncoding = 4; lastKnownFileType = text.json; path = 4.json; sourceTree = "<group>"; };
		496A8EE725D49E6100B390C0 /* 8.json */ = {isa = PBXFileReference; fileEncoding = 4; lastKnownFileType = text.json; path = 8.json; sourceTree = "<group>"; };
		496A8EE825D49E6100B390C0 /* 9.json */ = {isa = PBXFileReference; fileEncoding = 4; lastKnownFileType = text.json; path = 9.json; sourceTree = "<group>"; };
		496A8EE925D49E6200B390C0 /* 11.json */ = {isa = PBXFileReference; fileEncoding = 4; lastKnownFileType = text.json; path = 11.json; sourceTree = "<group>"; };
		49794B6625C75DBC00D2B2B5 /* ExpandTableViewController.swift */ = {isa = PBXFileReference; lastKnownFileType = sourcecode.swift; path = ExpandTableViewController.swift; sourceTree = "<group>"; };
		49993CD725BA14FC00091758 /* AppExtensions.swift */ = {isa = PBXFileReference; lastKnownFileType = sourcecode.swift; path = AppExtensions.swift; sourceTree = "<group>"; };
		49993CDF25BA400A00091758 /* temp.swift */ = {isa = PBXFileReference; lastKnownFileType = sourcecode.swift; path = temp.swift; sourceTree = "<group>"; };
		49993CE425BA54C200091758 /* AppProtocols.swift */ = {isa = PBXFileReference; lastKnownFileType = sourcecode.swift; path = AppProtocols.swift; sourceTree = "<group>"; };
		49993CEA25BA553100091758 /* MapKit.framework */ = {isa = PBXFileReference; lastKnownFileType = wrapper.framework; name = MapKit.framework; path = System/Library/Frameworks/MapKit.framework; sourceTree = SDKROOT; };
		49993CEF25BA5AF900091758 /* AppDataTypes.swift */ = {isa = PBXFileReference; lastKnownFileType = sourcecode.swift; path = AppDataTypes.swift; sourceTree = "<group>"; };
		499D566725BE0E3F00FB2FDE /* CollectionViewDataSource.swift */ = {isa = PBXFileReference; lastKnownFileType = sourcecode.swift; path = CollectionViewDataSource.swift; sourceTree = "<group>"; };
		499D567E25BE308800FB2FDE /* WebServiceManager.swift */ = {isa = PBXFileReference; lastKnownFileType = sourcecode.swift; path = WebServiceManager.swift; sourceTree = "<group>"; };
		499EB17F25DC74FD006D0F18 /* FavouritesDataSource.swift */ = {isa = PBXFileReference; lastKnownFileType = sourcecode.swift; path = FavouritesDataSource.swift; sourceTree = "<group>"; };
		499EB18C25DCC323006D0F18 /* WebViewController.swift */ = {isa = PBXFileReference; lastKnownFileType = sourcecode.swift; path = WebViewController.swift; sourceTree = "<group>"; };
		49BC9EF725C64F3F00859AF6 /* ExpandDetailViewController.swift */ = {isa = PBXFileReference; lastKnownFileType = sourcecode.swift; path = ExpandDetailViewController.swift; sourceTree = "<group>"; };
		49CE395C25D06BBB00660673 /* MapViewController.swift */ = {isa = PBXFileReference; lastKnownFileType = sourcecode.swift; path = MapViewController.swift; sourceTree = "<group>"; };
		49CE396125D0D91B00660673 /* MapTableViewController.swift */ = {isa = PBXFileReference; lastKnownFileType = sourcecode.swift; path = MapTableViewController.swift; sourceTree = "<group>"; };
		49D9BE9B25BB865C00F59FDC /* MenuCell.swift */ = {isa = PBXFileReference; lastKnownFileType = sourcecode.swift; path = MenuCell.swift; sourceTree = "<group>"; };
		49E317B425D4565200129EA0 /* GradientLayer.swift */ = {isa = PBXFileReference; lastKnownFileType = sourcecode.swift; path = GradientLayer.swift; sourceTree = "<group>"; };
		49FF0B7625DAE71A008CB0B2 /* MainViewController+TabBar.swift */ = {isa = PBXFileReference; lastKnownFileType = sourcecode.swift; path = "MainViewController+TabBar.swift"; sourceTree = "<group>"; };
		4A5F3B01F3F0460F8025684E /* Pods-Denizen-DenizenUITests.debug.xcconfig */ = {isa = PBXFileReference; includeInIndex = 1; lastKnownFileType = text.xcconfig; name = "Pods-Denizen-DenizenUITests.debug.xcconfig"; path = "Target Support Files/Pods-Denizen-DenizenUITests/Pods-Denizen-DenizenUITests.debug.xcconfig"; sourceTree = "<group>"; };
		5078C9CA5C8D025890357525 /* Pods_Denizen.framework */ = {isa = PBXFileReference; explicitFileType = wrapper.framework; includeInIndex = 0; path = Pods_Denizen.framework; sourceTree = BUILT_PRODUCTS_DIR; };
		579498E343E5D25F7720BFC9 /* Pods_Denizen_DenizenUITests.framework */ = {isa = PBXFileReference; explicitFileType = wrapper.framework; includeInIndex = 0; path = Pods_Denizen_DenizenUITests.framework; sourceTree = BUILT_PRODUCTS_DIR; };
		5D76C6B75C4EF9B52AE9062F /* Pods-Denizen-DenizenUITests.release.xcconfig */ = {isa = PBXFileReference; includeInIndex = 1; lastKnownFileType = text.xcconfig; name = "Pods-Denizen-DenizenUITests.release.xcconfig"; path = "Target Support Files/Pods-Denizen-DenizenUITests/Pods-Denizen-DenizenUITests.release.xcconfig"; sourceTree = "<group>"; };
		861951D686F8AE113AB2733D /* Pods_DenizenTests.framework */ = {isa = PBXFileReference; explicitFileType = wrapper.framework; includeInIndex = 0; path = Pods_DenizenTests.framework; sourceTree = BUILT_PRODUCTS_DIR; };
		C20694D51BEE48829DBF9BAF /* Pods-DenizenTests.release.xcconfig */ = {isa = PBXFileReference; includeInIndex = 1; lastKnownFileType = text.xcconfig; name = "Pods-DenizenTests.release.xcconfig"; path = "Target Support Files/Pods-DenizenTests/Pods-DenizenTests.release.xcconfig"; sourceTree = "<group>"; };
		CCB5689A34E055E858E81F8E /* Pods-Denizen.debug.xcconfig */ = {isa = PBXFileReference; includeInIndex = 1; lastKnownFileType = text.xcconfig; name = "Pods-Denizen.debug.xcconfig"; path = "Target Support Files/Pods-Denizen/Pods-Denizen.debug.xcconfig"; sourceTree = "<group>"; };
		F3C183E55216EFF386C0A050 /* Pods-DenizenTests.debug.xcconfig */ = {isa = PBXFileReference; includeInIndex = 1; lastKnownFileType = text.xcconfig; name = "Pods-DenizenTests.debug.xcconfig"; path = "Target Support Files/Pods-DenizenTests/Pods-DenizenTests.debug.xcconfig"; sourceTree = "<group>"; };
/* End PBXFileReference section */

/* Begin PBXFrameworksBuildPhase section */
		4909019525B91DB900E38196 /* Frameworks */ = {
			isa = PBXFrameworksBuildPhase;
			buildActionMask = 2147483647;
			files = (
				49993CEB25BA553100091758 /* MapKit.framework in Frameworks */,
				E74CF363FCC8108FDEDB3D47 /* Pods_Denizen.framework in Frameworks */,
			);
			runOnlyForDeploymentPostprocessing = 0;
		};
		490901AB25B91DC100E38196 /* Frameworks */ = {
			isa = PBXFrameworksBuildPhase;
			buildActionMask = 2147483647;
			files = (
				86CB5BDB5C47A74273118E92 /* Pods_DenizenTests.framework in Frameworks */,
			);
			runOnlyForDeploymentPostprocessing = 0;
		};
		490901B625B91DC100E38196 /* Frameworks */ = {
			isa = PBXFrameworksBuildPhase;
			buildActionMask = 2147483647;
			files = (
				BB01434DCCA7020476E8DBB8 /* Pods_Denizen_DenizenUITests.framework in Frameworks */,
			);
			runOnlyForDeploymentPostprocessing = 0;
		};
/* End PBXFrameworksBuildPhase section */

/* Begin PBXGroup section */
		4909018F25B91DB900E38196 = {
			isa = PBXGroup;
			children = (
				4909019A25B91DB900E38196 /* Denizen */,
				490901B125B91DC100E38196 /* DenizenTests */,
				490901BC25B91DC100E38196 /* DenizenUITests */,
				4909019925B91DB900E38196 /* Products */,
				49993CE925BA553100091758 /* Frameworks */,
				86812339ECD0936CAA219BA3 /* Pods */,
			);
			sourceTree = "<group>";
		};
		4909019925B91DB900E38196 /* Products */ = {
			isa = PBXGroup;
			children = (
				4909019825B91DB900E38196 /* Denizen.app */,
				490901AE25B91DC100E38196 /* DenizenTests.xctest */,
				490901B925B91DC100E38196 /* DenizenUITests.xctest */,
			);
			name = Products;
			sourceTree = "<group>";
		};
		4909019A25B91DB900E38196 /* Denizen */ = {
			isa = PBXGroup;
			children = (
				49476F5325DF1B4E00B7F682 /* Denizen.entitlements */,
				4909019B25B91DB900E38196 /* AppDelegate.swift */,
				4909019D25B91DB900E38196 /* SceneDelegate.swift */,
				49993CDF25BA400A00091758 /* temp.swift */,
				49E317B425D4565200129EA0 /* GradientLayer.swift */,
				4962957425DD56A500812024 /* CustomTabBar.swift */,
				499EB17B25DC74D7006D0F18 /* Data Sources */,
				496A8ED725D49AE200B390C0 /* Resources */,
				499D566625BE0E1800FB2FDE /* ViewControllers */,
				49D9BE9A25BB863F00F59FDC /* Cells and Supplementary Views */,
				49993CD625BA14DE00091758 /* Extensions + Utilities */,
				499CB57925BF1D2C0093BC07 /* Supporting Files */,
			);
			path = Denizen;
			sourceTree = "<group>";
		};
		490901B125B91DC100E38196 /* DenizenTests */ = {
			isa = PBXGroup;
			children = (
				490901B225B91DC100E38196 /* DenizenTests.swift */,
				490901B425B91DC100E38196 /* Info.plist */,
			);
			path = DenizenTests;
			sourceTree = "<group>";
		};
		490901BC25B91DC100E38196 /* DenizenUITests */ = {
			isa = PBXGroup;
			children = (
				490901BD25B91DC100E38196 /* DenizenUITests.swift */,
				490901BF25B91DC100E38196 /* Info.plist */,
			);
			path = DenizenUITests;
			sourceTree = "<group>";
		};
		496A8ED725D49AE200B390C0 /* Resources */ = {
			isa = PBXGroup;
			children = (
				496A8EE525D49E6100B390C0 /* 1.json */,
				496A8EDE25D49E6000B390C0 /* 2.json */,
				496A8EE225D49E6100B390C0 /* 3.json */,
				496A8EE625D49E6100B390C0 /* 4.json */,
				496A8EDF25D49E6000B390C0 /* 5.json */,
				496A8EE325D49E6100B390C0 /* 6.json */,
				496A8EE025D49E6000B390C0 /* 7.json */,
				496A8EE725D49E6100B390C0 /* 8.json */,
				496A8EE825D49E6100B390C0 /* 9.json */,
				496A8EE125D49E6000B390C0 /* 10.json */,
				496A8EE925D49E6200B390C0 /* 11.json */,
				496A8EE425D49E6100B390C0 /* 12.json */,
			);
			path = Resources;
			sourceTree = "<group>";
		};
		49993CD625BA14DE00091758 /* Extensions + Utilities */ = {
			isa = PBXGroup;
			children = (
				49993CD725BA14FC00091758 /* AppExtensions.swift */,
				49993CE425BA54C200091758 /* AppProtocols.swift */,
				49993CEF25BA5AF900091758 /* AppDataTypes.swift */,
				499D567E25BE308800FB2FDE /* WebServiceManager.swift */,
			);
			path = "Extensions + Utilities";
			sourceTree = "<group>";
		};
		49993CE925BA553100091758 /* Frameworks */ = {
			isa = PBXGroup;
			children = (
				49993CEA25BA553100091758 /* MapKit.framework */,
				5078C9CA5C8D025890357525 /* Pods_Denizen.framework */,
				579498E343E5D25F7720BFC9 /* Pods_Denizen_DenizenUITests.framework */,
				861951D686F8AE113AB2733D /* Pods_DenizenTests.framework */,
			);
			name = Frameworks;
			sourceTree = "<group>";
		};
		499CB57925BF1D2C0093BC07 /* Supporting Files */ = {
			isa = PBXGroup;
			children = (
				490901A125B91DB900E38196 /* Main.storyboard */,
				490901A425B91DC000E38196 /* Assets.xcassets */,
				490901A625B91DC000E38196 /* LaunchScreen.storyboard */,
				490901A925B91DC000E38196 /* Info.plist */,
			);
			path = "Supporting Files";
			sourceTree = "<group>";
		};
		499D566625BE0E1800FB2FDE /* ViewControllers */ = {
			isa = PBXGroup;
			children = (
				490BB81725D1AA5C000AA6CF /* ContainerViewController.swift */,
				4909019F25B91DB900E38196 /* MainViewController.swift */,
				490D4CD925CA33E3008D9015 /* MainViewController + OptionsBar.swift */,
				490BB81C25D1E660000AA6CF /* MainViewController + SearchBar.swift */,
				490D348A25BF2CB200E94116 /* MainViewController + ResultsUpdate.swift */,
				49FF0B7625DAE71A008CB0B2 /* MainViewController+TabBar.swift */,
				490BB82625D1E7B2000AA6CF /* SearchResultsController.swift */,
				490BB81225D1A6C7000AA6CF /* DetailViewController.swift */,
				490D348525BF29D000E94116 /* ItemDetailViewController.swift */,
				49BC9EF725C64F3F00859AF6 /* ExpandDetailViewController.swift */,
				49794B6625C75DBC00D2B2B5 /* ExpandTableViewController.swift */,
				499EB18C25DCC323006D0F18 /* WebViewController.swift */,
				490D4CEE25CA3F32008D9015 /* FilterViewController.swift */,
				490D4CF325CA607D008D9015 /* FilterSettingsTableViewController.swift */,
				49CE395C25D06BBB00660673 /* MapViewController.swift */,
				49CE396125D0D91B00660673 /* MapTableViewController.swift */,
			);
			path = ViewControllers;
			sourceTree = "<group>";
		};
		499EB17B25DC74D7006D0F18 /* Data Sources */ = {
			isa = PBXGroup;
			children = (
				499D566725BE0E3F00FB2FDE /* CollectionViewDataSource.swift */,
				499EB17F25DC74FD006D0F18 /* FavouritesDataSource.swift */,
			);
			path = "Data Sources";
			sourceTree = "<group>";
		};
		49D9BE9A25BB863F00F59FDC /* Cells and Supplementary Views */ = {
			isa = PBXGroup;
			children = (
				49D9BE9B25BB865C00F59FDC /* MenuCell.swift */,
				4918476225BCF0AE006AC15C /* TitleSupplementaryView.swift */,
			);
			path = "Cells and Supplementary Views";
			sourceTree = "<group>";
		};
		86812339ECD0936CAA219BA3 /* Pods */ = {
			isa = PBXGroup;
			children = (
				CCB5689A34E055E858E81F8E /* Pods-Denizen.debug.xcconfig */,
				434815BCC6C9A7C5EA9C8211 /* Pods-Denizen.release.xcconfig */,
				4A5F3B01F3F0460F8025684E /* Pods-Denizen-DenizenUITests.debug.xcconfig */,
				5D76C6B75C4EF9B52AE9062F /* Pods-Denizen-DenizenUITests.release.xcconfig */,
				F3C183E55216EFF386C0A050 /* Pods-DenizenTests.debug.xcconfig */,
				C20694D51BEE48829DBF9BAF /* Pods-DenizenTests.release.xcconfig */,
			);
			path = Pods;
			sourceTree = "<group>";
		};
/* End PBXGroup section */

/* Begin PBXNativeTarget section */
		4909019725B91DB900E38196 /* Denizen */ = {
			isa = PBXNativeTarget;
			buildConfigurationList = 490901C225B91DC100E38196 /* Build configuration list for PBXNativeTarget "Denizen" */;
			buildPhases = (
				759B8E3B0D090F3B777C9245 /* [CP] Check Pods Manifest.lock */,
				4909019425B91DB900E38196 /* Sources */,
				4909019525B91DB900E38196 /* Frameworks */,
				4909019625B91DB900E38196 /* Resources */,
				75EE98AC8CF90B8F57E6604C /* [CP] Embed Pods Frameworks */,
			);
			buildRules = (
			);
			dependencies = (
			);
			name = Denizen;
			productName = Denizen;
			productReference = 4909019825B91DB900E38196 /* Denizen.app */;
			productType = "com.apple.product-type.application";
		};
		490901AD25B91DC100E38196 /* DenizenTests */ = {
			isa = PBXNativeTarget;
			buildConfigurationList = 490901C525B91DC100E38196 /* Build configuration list for PBXNativeTarget "DenizenTests" */;
			buildPhases = (
				3EA4A9691AA000CB280EC5B5 /* [CP] Check Pods Manifest.lock */,
				490901AA25B91DC100E38196 /* Sources */,
				490901AB25B91DC100E38196 /* Frameworks */,
				490901AC25B91DC100E38196 /* Resources */,
			);
			buildRules = (
			);
			dependencies = (
				490901B025B91DC100E38196 /* PBXTargetDependency */,
			);
			name = DenizenTests;
			productName = DenizenTests;
			productReference = 490901AE25B91DC100E38196 /* DenizenTests.xctest */;
			productType = "com.apple.product-type.bundle.unit-test";
		};
		490901B825B91DC100E38196 /* DenizenUITests */ = {
			isa = PBXNativeTarget;
			buildConfigurationList = 490901C825B91DC100E38196 /* Build configuration list for PBXNativeTarget "DenizenUITests" */;
			buildPhases = (
				371109880AF2211ED51C1E60 /* [CP] Check Pods Manifest.lock */,
				490901B525B91DC100E38196 /* Sources */,
				490901B625B91DC100E38196 /* Frameworks */,
				490901B725B91DC100E38196 /* Resources */,
				4AE2354C0729AB72AC197E1C /* [CP] Embed Pods Frameworks */,
			);
			buildRules = (
			);
			dependencies = (
				490901BB25B91DC100E38196 /* PBXTargetDependency */,
			);
			name = DenizenUITests;
			productName = DenizenUITests;
			productReference = 490901B925B91DC100E38196 /* DenizenUITests.xctest */;
			productType = "com.apple.product-type.bundle.ui-testing";
		};
/* End PBXNativeTarget section */

/* Begin PBXProject section */
		4909019025B91DB900E38196 /* Project object */ = {
			isa = PBXProject;
			attributes = {
				LastSwiftUpdateCheck = 1230;
				LastUpgradeCheck = 1230;
				TargetAttributes = {
					4909019725B91DB900E38196 = {
						CreatedOnToolsVersion = 12.3;
					};
					490901AD25B91DC100E38196 = {
						CreatedOnToolsVersion = 12.3;
						TestTargetID = 4909019725B91DB900E38196;
					};
					490901B825B91DC100E38196 = {
						CreatedOnToolsVersion = 12.3;
						TestTargetID = 4909019725B91DB900E38196;
					};
				};
			};
			buildConfigurationList = 4909019325B91DB900E38196 /* Build configuration list for PBXProject "Denizen" */;
			compatibilityVersion = "Xcode 9.3";
			developmentRegion = en;
			hasScannedForEncodings = 0;
			knownRegions = (
				en,
				Base,
			);
			mainGroup = 4909018F25B91DB900E38196;
			productRefGroup = 4909019925B91DB900E38196 /* Products */;
			projectDirPath = "";
			projectRoot = "";
			targets = (
				4909019725B91DB900E38196 /* Denizen */,
				490901AD25B91DC100E38196 /* DenizenTests */,
				490901B825B91DC100E38196 /* DenizenUITests */,
			);
		};
/* End PBXProject section */

/* Begin PBXResourcesBuildPhase section */
		4909019625B91DB900E38196 /* Resources */ = {
			isa = PBXResourcesBuildPhase;
			buildActionMask = 2147483647;
			files = (
				496A8EF525D49E6200B390C0 /* 11.json in Resources */,
				496A8EF325D49E6200B390C0 /* 8.json in Resources */,
				496A8EEF25D49E6200B390C0 /* 6.json in Resources */,
				496A8EEB25D49E6200B390C0 /* 5.json in Resources */,
				496A8EEE25D49E6200B390C0 /* 3.json in Resources */,
				496A8EEC25D49E6200B390C0 /* 7.json in Resources */,
				496A8EF125D49E6200B390C0 /* 1.json in Resources */,
				496A8EEA25D49E6200B390C0 /* 2.json in Resources */,
				490901A825B91DC000E38196 /* LaunchScreen.storyboard in Resources */,
				490901A525B91DC000E38196 /* Assets.xcassets in Resources */,
				490901A325B91DB900E38196 /* Main.storyboard in Resources */,
				496A8EF025D49E6200B390C0 /* 12.json in Resources */,
				496A8EF425D49E6200B390C0 /* 9.json in Resources */,
				496A8EF225D49E6200B390C0 /* 4.json in Resources */,
				496A8EED25D49E6200B390C0 /* 10.json in Resources */,
			);
			runOnlyForDeploymentPostprocessing = 0;
		};
		490901AC25B91DC100E38196 /* Resources */ = {
			isa = PBXResourcesBuildPhase;
			buildActionMask = 2147483647;
			files = (
			);
			runOnlyForDeploymentPostprocessing = 0;
		};
		490901B725B91DC100E38196 /* Resources */ = {
			isa = PBXResourcesBuildPhase;
			buildActionMask = 2147483647;
			files = (
			);
			runOnlyForDeploymentPostprocessing = 0;
		};
/* End PBXResourcesBuildPhase section */

/* Begin PBXShellScriptBuildPhase section */
		371109880AF2211ED51C1E60 /* [CP] Check Pods Manifest.lock */ = {
			isa = PBXShellScriptBuildPhase;
			buildActionMask = 2147483647;
			files = (
			);
			inputFileListPaths = (
			);
			inputPaths = (
				"${PODS_PODFILE_DIR_PATH}/Podfile.lock",
				"${PODS_ROOT}/Manifest.lock",
			);
			name = "[CP] Check Pods Manifest.lock";
			outputFileListPaths = (
			);
			outputPaths = (
				"$(DERIVED_FILE_DIR)/Pods-Denizen-DenizenUITests-checkManifestLockResult.txt",
			);
			runOnlyForDeploymentPostprocessing = 0;
			shellPath = /bin/sh;
			shellScript = "diff \"${PODS_PODFILE_DIR_PATH}/Podfile.lock\" \"${PODS_ROOT}/Manifest.lock\" > /dev/null\nif [ $? != 0 ] ; then\n    # print error to STDERR\n    echo \"error: The sandbox is not in sync with the Podfile.lock. Run 'pod install' or update your CocoaPods installation.\" >&2\n    exit 1\nfi\n# This output is used by Xcode 'outputs' to avoid re-running this script phase.\necho \"SUCCESS\" > \"${SCRIPT_OUTPUT_FILE_0}\"\n";
			showEnvVarsInLog = 0;
		};
		3EA4A9691AA000CB280EC5B5 /* [CP] Check Pods Manifest.lock */ = {
			isa = PBXShellScriptBuildPhase;
			buildActionMask = 2147483647;
			files = (
			);
			inputFileListPaths = (
			);
			inputPaths = (
				"${PODS_PODFILE_DIR_PATH}/Podfile.lock",
				"${PODS_ROOT}/Manifest.lock",
			);
			name = "[CP] Check Pods Manifest.lock";
			outputFileListPaths = (
			);
			outputPaths = (
				"$(DERIVED_FILE_DIR)/Pods-DenizenTests-checkManifestLockResult.txt",
			);
			runOnlyForDeploymentPostprocessing = 0;
			shellPath = /bin/sh;
			shellScript = "diff \"${PODS_PODFILE_DIR_PATH}/Podfile.lock\" \"${PODS_ROOT}/Manifest.lock\" > /dev/null\nif [ $? != 0 ] ; then\n    # print error to STDERR\n    echo \"error: The sandbox is not in sync with the Podfile.lock. Run 'pod install' or update your CocoaPods installation.\" >&2\n    exit 1\nfi\n# This output is used by Xcode 'outputs' to avoid re-running this script phase.\necho \"SUCCESS\" > \"${SCRIPT_OUTPUT_FILE_0}\"\n";
			showEnvVarsInLog = 0;
		};
		4AE2354C0729AB72AC197E1C /* [CP] Embed Pods Frameworks */ = {
			isa = PBXShellScriptBuildPhase;
			buildActionMask = 2147483647;
			files = (
			);
			inputFileListPaths = (
				"${PODS_ROOT}/Target Support Files/Pods-Denizen-DenizenUITests/Pods-Denizen-DenizenUITests-frameworks-${CONFIGURATION}-input-files.xcfilelist",
			);
			name = "[CP] Embed Pods Frameworks";
			outputFileListPaths = (
				"${PODS_ROOT}/Target Support Files/Pods-Denizen-DenizenUITests/Pods-Denizen-DenizenUITests-frameworks-${CONFIGURATION}-output-files.xcfilelist",
			);
			runOnlyForDeploymentPostprocessing = 0;
			shellPath = /bin/sh;
			shellScript = "\"${PODS_ROOT}/Target Support Files/Pods-Denizen-DenizenUITests/Pods-Denizen-DenizenUITests-frameworks.sh\"\n";
			showEnvVarsInLog = 0;
		};
		759B8E3B0D090F3B777C9245 /* [CP] Check Pods Manifest.lock */ = {
			isa = PBXShellScriptBuildPhase;
			buildActionMask = 2147483647;
			files = (
			);
			inputFileListPaths = (
			);
			inputPaths = (
				"${PODS_PODFILE_DIR_PATH}/Podfile.lock",
				"${PODS_ROOT}/Manifest.lock",
			);
			name = "[CP] Check Pods Manifest.lock";
			outputFileListPaths = (
			);
			outputPaths = (
				"$(DERIVED_FILE_DIR)/Pods-Denizen-checkManifestLockResult.txt",
			);
			runOnlyForDeploymentPostprocessing = 0;
			shellPath = /bin/sh;
			shellScript = "diff \"${PODS_PODFILE_DIR_PATH}/Podfile.lock\" \"${PODS_ROOT}/Manifest.lock\" > /dev/null\nif [ $? != 0 ] ; then\n    # print error to STDERR\n    echo \"error: The sandbox is not in sync with the Podfile.lock. Run 'pod install' or update your CocoaPods installation.\" >&2\n    exit 1\nfi\n# This output is used by Xcode 'outputs' to avoid re-running this script phase.\necho \"SUCCESS\" > \"${SCRIPT_OUTPUT_FILE_0}\"\n";
			showEnvVarsInLog = 0;
		};
		75EE98AC8CF90B8F57E6604C /* [CP] Embed Pods Frameworks */ = {
			isa = PBXShellScriptBuildPhase;
			buildActionMask = 2147483647;
			files = (
			);
			inputFileListPaths = (
				"${PODS_ROOT}/Target Support Files/Pods-Denizen/Pods-Denizen-frameworks-${CONFIGURATION}-input-files.xcfilelist",
			);
			name = "[CP] Embed Pods Frameworks";
			outputFileListPaths = (
				"${PODS_ROOT}/Target Support Files/Pods-Denizen/Pods-Denizen-frameworks-${CONFIGURATION}-output-files.xcfilelist",
			);
			runOnlyForDeploymentPostprocessing = 0;
			shellPath = /bin/sh;
			shellScript = "\"${PODS_ROOT}/Target Support Files/Pods-Denizen/Pods-Denizen-frameworks.sh\"\n";
			showEnvVarsInLog = 0;
		};
/* End PBXShellScriptBuildPhase section */

/* Begin PBXSourcesBuildPhase section */
		4909019425B91DB900E38196 /* Sources */ = {
			isa = PBXSourcesBuildPhase;
			buildActionMask = 2147483647;
			files = (
				490D348B25BF2CB200E94116 /* MainViewController + ResultsUpdate.swift in Sources */,
				499EB18D25DCC323006D0F18 /* WebViewController.swift in Sources */,
				49D9BE9C25BB865C00F59FDC /* MenuCell.swift in Sources */,
				490D348625BF29D000E94116 /* ItemDetailViewController.swift in Sources */,
				49993CD825BA14FC00091758 /* AppExtensions.swift in Sources */,
				490BB81325D1A6C7000AA6CF /* DetailViewController.swift in Sources */,
				49CE396225D0D91B00660673 /* MapTableViewController.swift in Sources */,
				4962957525DD56A500812024 /* CustomTabBar.swift in Sources */,
				499D566825BE0E3F00FB2FDE /* CollectionViewDataSource.swift in Sources */,
				499EB18025DC74FD006D0F18 /* FavouritesDataSource.swift in Sources */,
				490D4CDA25CA33E3008D9015 /* MainViewController + OptionsBar.swift in Sources */,
				499D567F25BE308800FB2FDE /* WebServiceManager.swift in Sources */,
				49E317B525D4565200129EA0 /* GradientLayer.swift in Sources */,
				49794B6725C75DBC00D2B2B5 /* ExpandTableViewController.swift in Sources */,
				49FF0B7725DAE71A008CB0B2 /* MainViewController+TabBar.swift in Sources */,
				490D4CF425CA607D008D9015 /* FilterSettingsTableViewController.swift in Sources */,
				490BB81D25D1E660000AA6CF /* MainViewController + SearchBar.swift in Sources */,
				490BB82725D1E7B2000AA6CF /* SearchResultsController.swift in Sources */,
				49CE395D25D06BBB00660673 /* MapViewController.swift in Sources */,
				49BC9EF825C64F3F00859AF6 /* ExpandDetailViewController.swift in Sources */,
				490901A025B91DB900E38196 /* MainViewController.swift in Sources */,
				4909019C25B91DB900E38196 /* AppDelegate.swift in Sources */,
				490D4CEF25CA3F32008D9015 /* FilterViewController.swift in Sources */,
				49993CE525BA54C200091758 /* AppProtocols.swift in Sources */,
				49993CF025BA5AF900091758 /* AppDataTypes.swift in Sources */,
				4909019E25B91DB900E38196 /* SceneDelegate.swift in Sources */,
				490BB81825D1AA5C000AA6CF /* ContainerViewController.swift in Sources */,
				49993CE025BA400A00091758 /* temp.swift in Sources */,
				4918476325BCF0AE006AC15C /* TitleSupplementaryView.swift in Sources */,
			);
			runOnlyForDeploymentPostprocessing = 0;
		};
		490901AA25B91DC100E38196 /* Sources */ = {
			isa = PBXSourcesBuildPhase;
			buildActionMask = 2147483647;
			files = (
				490901B325B91DC100E38196 /* DenizenTests.swift in Sources */,
			);
			runOnlyForDeploymentPostprocessing = 0;
		};
		490901B525B91DC100E38196 /* Sources */ = {
			isa = PBXSourcesBuildPhase;
			buildActionMask = 2147483647;
			files = (
				490901BE25B91DC100E38196 /* DenizenUITests.swift in Sources */,
			);
			runOnlyForDeploymentPostprocessing = 0;
		};
/* End PBXSourcesBuildPhase section */

/* Begin PBXTargetDependency section */
		490901B025B91DC100E38196 /* PBXTargetDependency */ = {
			isa = PBXTargetDependency;
			target = 4909019725B91DB900E38196 /* Denizen */;
			targetProxy = 490901AF25B91DC100E38196 /* PBXContainerItemProxy */;
		};
		490901BB25B91DC100E38196 /* PBXTargetDependency */ = {
			isa = PBXTargetDependency;
			target = 4909019725B91DB900E38196 /* Denizen */;
			targetProxy = 490901BA25B91DC100E38196 /* PBXContainerItemProxy */;
		};
/* End PBXTargetDependency section */

/* Begin PBXVariantGroup section */
		490901A125B91DB900E38196 /* Main.storyboard */ = {
			isa = PBXVariantGroup;
			children = (
				490901A225B91DB900E38196 /* Base */,
			);
			name = Main.storyboard;
			sourceTree = "<group>";
		};
		490901A625B91DC000E38196 /* LaunchScreen.storyboard */ = {
			isa = PBXVariantGroup;
			children = (
				490901A725B91DC000E38196 /* Base */,
			);
			name = LaunchScreen.storyboard;
			sourceTree = "<group>";
		};
/* End PBXVariantGroup section */

/* Begin XCBuildConfiguration section */
		490901C025B91DC100E38196 /* Debug */ = {
			isa = XCBuildConfiguration;
			buildSettings = {
				ALWAYS_SEARCH_USER_PATHS = NO;
				CLANG_ANALYZER_NONNULL = YES;
				CLANG_ANALYZER_NUMBER_OBJECT_CONVERSION = YES_AGGRESSIVE;
				CLANG_CXX_LANGUAGE_STANDARD = "gnu++14";
				CLANG_CXX_LIBRARY = "libc++";
				CLANG_ENABLE_MODULES = YES;
				CLANG_ENABLE_OBJC_ARC = YES;
				CLANG_ENABLE_OBJC_WEAK = YES;
				CLANG_WARN_BLOCK_CAPTURE_AUTORELEASING = YES;
				CLANG_WARN_BOOL_CONVERSION = YES;
				CLANG_WARN_COMMA = YES;
				CLANG_WARN_CONSTANT_CONVERSION = YES;
				CLANG_WARN_DEPRECATED_OBJC_IMPLEMENTATIONS = YES;
				CLANG_WARN_DIRECT_OBJC_ISA_USAGE = YES_ERROR;
				CLANG_WARN_DOCUMENTATION_COMMENTS = YES;
				CLANG_WARN_EMPTY_BODY = YES;
				CLANG_WARN_ENUM_CONVERSION = YES;
				CLANG_WARN_INFINITE_RECURSION = YES;
				CLANG_WARN_INT_CONVERSION = YES;
				CLANG_WARN_NON_LITERAL_NULL_CONVERSION = YES;
				CLANG_WARN_OBJC_IMPLICIT_RETAIN_SELF = YES;
				CLANG_WARN_OBJC_LITERAL_CONVERSION = YES;
				CLANG_WARN_OBJC_ROOT_CLASS = YES_ERROR;
				CLANG_WARN_QUOTED_INCLUDE_IN_FRAMEWORK_HEADER = YES;
				CLANG_WARN_RANGE_LOOP_ANALYSIS = YES;
				CLANG_WARN_STRICT_PROTOTYPES = YES;
				CLANG_WARN_SUSPICIOUS_MOVE = YES;
				CLANG_WARN_UNGUARDED_AVAILABILITY = YES_AGGRESSIVE;
				CLANG_WARN_UNREACHABLE_CODE = YES;
				CLANG_WARN__DUPLICATE_METHOD_MATCH = YES;
				COPY_PHASE_STRIP = NO;
				DEBUG_INFORMATION_FORMAT = dwarf;
				ENABLE_STRICT_OBJC_MSGSEND = YES;
				ENABLE_TESTABILITY = YES;
				GCC_C_LANGUAGE_STANDARD = gnu11;
				GCC_DYNAMIC_NO_PIC = NO;
				GCC_NO_COMMON_BLOCKS = YES;
				GCC_OPTIMIZATION_LEVEL = 0;
				GCC_PREPROCESSOR_DEFINITIONS = (
					"DEBUG=1",
					"$(inherited)",
				);
				GCC_WARN_64_TO_32_BIT_CONVERSION = YES;
				GCC_WARN_ABOUT_RETURN_TYPE = YES_ERROR;
				GCC_WARN_UNDECLARED_SELECTOR = YES;
				GCC_WARN_UNINITIALIZED_AUTOS = YES_AGGRESSIVE;
				GCC_WARN_UNUSED_FUNCTION = YES;
				GCC_WARN_UNUSED_VARIABLE = YES;
				IPHONEOS_DEPLOYMENT_TARGET = 13.0;
				MTL_ENABLE_DEBUG_INFO = INCLUDE_SOURCE;
				MTL_FAST_MATH = YES;
				ONLY_ACTIVE_ARCH = YES;
				SDKROOT = iphoneos;
				SWIFT_ACTIVE_COMPILATION_CONDITIONS = DEBUG;
				SWIFT_OPTIMIZATION_LEVEL = "-Onone";
			};
			name = Debug;
		};
		490901C125B91DC100E38196 /* Release */ = {
			isa = XCBuildConfiguration;
			buildSettings = {
				ALWAYS_SEARCH_USER_PATHS = NO;
				CLANG_ANALYZER_NONNULL = YES;
				CLANG_ANALYZER_NUMBER_OBJECT_CONVERSION = YES_AGGRESSIVE;
				CLANG_CXX_LANGUAGE_STANDARD = "gnu++14";
				CLANG_CXX_LIBRARY = "libc++";
				CLANG_ENABLE_MODULES = YES;
				CLANG_ENABLE_OBJC_ARC = YES;
				CLANG_ENABLE_OBJC_WEAK = YES;
				CLANG_WARN_BLOCK_CAPTURE_AUTORELEASING = YES;
				CLANG_WARN_BOOL_CONVERSION = YES;
				CLANG_WARN_COMMA = YES;
				CLANG_WARN_CONSTANT_CONVERSION = YES;
				CLANG_WARN_DEPRECATED_OBJC_IMPLEMENTATIONS = YES;
				CLANG_WARN_DIRECT_OBJC_ISA_USAGE = YES_ERROR;
				CLANG_WARN_DOCUMENTATION_COMMENTS = YES;
				CLANG_WARN_EMPTY_BODY = YES;
				CLANG_WARN_ENUM_CONVERSION = YES;
				CLANG_WARN_INFINITE_RECURSION = YES;
				CLANG_WARN_INT_CONVERSION = YES;
				CLANG_WARN_NON_LITERAL_NULL_CONVERSION = YES;
				CLANG_WARN_OBJC_IMPLICIT_RETAIN_SELF = YES;
				CLANG_WARN_OBJC_LITERAL_CONVERSION = YES;
				CLANG_WARN_OBJC_ROOT_CLASS = YES_ERROR;
				CLANG_WARN_QUOTED_INCLUDE_IN_FRAMEWORK_HEADER = YES;
				CLANG_WARN_RANGE_LOOP_ANALYSIS = YES;
				CLANG_WARN_STRICT_PROTOTYPES = YES;
				CLANG_WARN_SUSPICIOUS_MOVE = YES;
				CLANG_WARN_UNGUARDED_AVAILABILITY = YES_AGGRESSIVE;
				CLANG_WARN_UNREACHABLE_CODE = YES;
				CLANG_WARN__DUPLICATE_METHOD_MATCH = YES;
				COPY_PHASE_STRIP = NO;
				DEBUG_INFORMATION_FORMAT = "dwarf-with-dsym";
				ENABLE_NS_ASSERTIONS = NO;
				ENABLE_STRICT_OBJC_MSGSEND = YES;
				GCC_C_LANGUAGE_STANDARD = gnu11;
				GCC_NO_COMMON_BLOCKS = YES;
				GCC_WARN_64_TO_32_BIT_CONVERSION = YES;
				GCC_WARN_ABOUT_RETURN_TYPE = YES_ERROR;
				GCC_WARN_UNDECLARED_SELECTOR = YES;
				GCC_WARN_UNINITIALIZED_AUTOS = YES_AGGRESSIVE;
				GCC_WARN_UNUSED_FUNCTION = YES;
				GCC_WARN_UNUSED_VARIABLE = YES;
				IPHONEOS_DEPLOYMENT_TARGET = 13.0;
				MTL_ENABLE_DEBUG_INFO = NO;
				MTL_FAST_MATH = YES;
				SDKROOT = iphoneos;
				SWIFT_COMPILATION_MODE = wholemodule;
				SWIFT_OPTIMIZATION_LEVEL = "-O";
				VALIDATE_PRODUCT = YES;
			};
			name = Release;
		};
		490901C325B91DC100E38196 /* Debug */ = {
			isa = XCBuildConfiguration;
			baseConfigurationReference = CCB5689A34E055E858E81F8E /* Pods-Denizen.debug.xcconfig */;
			buildSettings = {
				ASSETCATALOG_COMPILER_APPICON_NAME = AppIcon;
				ASSETCATALOG_COMPILER_GLOBAL_ACCENT_COLOR_NAME = AccentColor;
				CODE_SIGN_ENTITLEMENTS = Denizen/Denizen.entitlements;
				CODE_SIGN_STYLE = Automatic;
				CURRENT_PROJECT_VERSION = 2;
				DEVELOPMENT_TEAM = 2RH2V33K5A;
				INFOPLIST_FILE = "Denizen/Supporting Files/Info.plist";
				IPHONEOS_DEPLOYMENT_TARGET = 13.0;
				LD_RUNPATH_SEARCH_PATHS = (
					"$(inherited)",
					"@executable_path/Frameworks",
				);
				PRODUCT_BUNDLE_IDENTIFIER = com.ovis.Denizen;
				PRODUCT_NAME = "$(TARGET_NAME)";
				SUPPORTS_MACCATALYST = NO;
				SWIFT_VERSION = 5.0;
				TARGETED_DEVICE_FAMILY = "1,2";
			};
			name = Debug;
		};
		490901C425B91DC100E38196 /* Release */ = {
			isa = XCBuildConfiguration;
			baseConfigurationReference = 434815BCC6C9A7C5EA9C8211 /* Pods-Denizen.release.xcconfig */;
			buildSettings = {
				ASSETCATALOG_COMPILER_APPICON_NAME = AppIcon;
				ASSETCATALOG_COMPILER_GLOBAL_ACCENT_COLOR_NAME = AccentColor;
				CODE_SIGN_ENTITLEMENTS = Denizen/Denizen.entitlements;
				CODE_SIGN_STYLE = Automatic;
				CURRENT_PROJECT_VERSION = 2;
				DEVELOPMENT_TEAM = 2RH2V33K5A;
				INFOPLIST_FILE = "Denizen/Supporting Files/Info.plist";
				IPHONEOS_DEPLOYMENT_TARGET = 13.0;
				LD_RUNPATH_SEARCH_PATHS = (
					"$(inherited)",
					"@executable_path/Frameworks",
				);
				PRODUCT_BUNDLE_IDENTIFIER = com.ovis.Denizen;
				PRODUCT_NAME = "$(TARGET_NAME)";
				SUPPORTS_MACCATALYST = NO;
				SWIFT_VERSION = 5.0;
				TARGETED_DEVICE_FAMILY = "1,2";
			};
			name = Release;
		};
		490901C625B91DC100E38196 /* Debug */ = {
			isa = XCBuildConfiguration;
			baseConfigurationReference = F3C183E55216EFF386C0A050 /* Pods-DenizenTests.debug.xcconfig */;
			buildSettings = {
				ALWAYS_EMBED_SWIFT_STANDARD_LIBRARIES = YES;
				BUNDLE_LOADER = "$(TEST_HOST)";
				CODE_SIGN_STYLE = Automatic;
				DEVELOPMENT_TEAM = 2RH2V33K5A;
				INFOPLIST_FILE = DenizenTests/Info.plist;
				IPHONEOS_DEPLOYMENT_TARGET = 14.3;
				LD_RUNPATH_SEARCH_PATHS = (
					"$(inherited)",
					"@executable_path/Frameworks",
					"@loader_path/Frameworks",
				);
				PRODUCT_BUNDLE_IDENTIFIER = com.ovis.DenizenTests;
				PRODUCT_NAME = "$(TARGET_NAME)";
				SWIFT_VERSION = 5.0;
				TARGETED_DEVICE_FAMILY = "1,2";
				TEST_HOST = "$(BUILT_PRODUCTS_DIR)/Denizen.app/Denizen";
			};
			name = Debug;
		};
		490901C725B91DC100E38196 /* Release */ = {
			isa = XCBuildConfiguration;
			baseConfigurationReference = C20694D51BEE48829DBF9BAF /* Pods-DenizenTests.release.xcconfig */;
			buildSettings = {
				ALWAYS_EMBED_SWIFT_STANDARD_LIBRARIES = YES;
				BUNDLE_LOADER = "$(TEST_HOST)";
				CODE_SIGN_STYLE = Automatic;
				DEVELOPMENT_TEAM = 2RH2V33K5A;
				INFOPLIST_FILE = DenizenTests/Info.plist;
				IPHONEOS_DEPLOYMENT_TARGET = 14.3;
				LD_RUNPATH_SEARCH_PATHS = (
					"$(inherited)",
					"@executable_path/Frameworks",
					"@loader_path/Frameworks",
				);
				PRODUCT_BUNDLE_IDENTIFIER = com.ovis.DenizenTests;
				PRODUCT_NAME = "$(TARGET_NAME)";
				SWIFT_VERSION = 5.0;
				TARGETED_DEVICE_FAMILY = "1,2";
				TEST_HOST = "$(BUILT_PRODUCTS_DIR)/Denizen.app/Denizen";
			};
			name = Release;
		};
		490901C925B91DC100E38196 /* Debug */ = {
			isa = XCBuildConfiguration;
			baseConfigurationReference = 4A5F3B01F3F0460F8025684E /* Pods-Denizen-DenizenUITests.debug.xcconfig */;
			buildSettings = {
				ALWAYS_EMBED_SWIFT_STANDARD_LIBRARIES = YES;
				CODE_SIGN_STYLE = Automatic;
				DEVELOPMENT_TEAM = 2RH2V33K5A;
				INFOPLIST_FILE = DenizenUITests/Info.plist;
				LD_RUNPATH_SEARCH_PATHS = (
					"$(inherited)",
					"@executable_path/Frameworks",
					"@loader_path/Frameworks",
				);
				PRODUCT_BUNDLE_IDENTIFIER = com.ovis.DenizenUITests;
				PRODUCT_NAME = "$(TARGET_NAME)";
				SWIFT_VERSION = 5.0;
				TARGETED_DEVICE_FAMILY = "1,2";
				TEST_TARGET_NAME = Denizen;
			};
			name = Debug;
		};
		490901CA25B91DC100E38196 /* Release */ = {
			isa = XCBuildConfiguration;
			baseConfigurationReference = 5D76C6B75C4EF9B52AE9062F /* Pods-Denizen-DenizenUITests.release.xcconfig */;
			buildSettings = {
				ALWAYS_EMBED_SWIFT_STANDARD_LIBRARIES = YES;
				CODE_SIGN_STYLE = Automatic;
				DEVELOPMENT_TEAM = 2RH2V33K5A;
				INFOPLIST_FILE = DenizenUITests/Info.plist;
				LD_RUNPATH_SEARCH_PATHS = (
					"$(inherited)",
					"@executable_path/Frameworks",
					"@loader_path/Frameworks",
				);
				PRODUCT_BUNDLE_IDENTIFIER = com.ovis.DenizenUITests;
				PRODUCT_NAME = "$(TARGET_NAME)";
				SWIFT_VERSION = 5.0;
				TARGETED_DEVICE_FAMILY = "1,2";
				TEST_TARGET_NAME = Denizen;
			};
			name = Release;
		};
/* End XCBuildConfiguration section */

/* Begin XCConfigurationList section */
		4909019325B91DB900E38196 /* Build configuration list for PBXProject "Denizen" */ = {
			isa = XCConfigurationList;
			buildConfigurations = (
				490901C025B91DC100E38196 /* Debug */,
				490901C125B91DC100E38196 /* Release */,
			);
			defaultConfigurationIsVisible = 0;
			defaultConfigurationName = Release;
		};
		490901C225B91DC100E38196 /* Build configuration list for PBXNativeTarget "Denizen" */ = {
			isa = XCConfigurationList;
			buildConfigurations = (
				490901C325B91DC100E38196 /* Debug */,
				490901C425B91DC100E38196 /* Release */,
			);
			defaultConfigurationIsVisible = 0;
			defaultConfigurationName = Release;
		};
		490901C525B91DC100E38196 /* Build configuration list for PBXNativeTarget "DenizenTests" */ = {
			isa = XCConfigurationList;
			buildConfigurations = (
				490901C625B91DC100E38196 /* Debug */,
				490901C725B91DC100E38196 /* Release */,
			);
			defaultConfigurationIsVisible = 0;
			defaultConfigurationName = Release;
		};
		490901C825B91DC100E38196 /* Build configuration list for PBXNativeTarget "DenizenUITests" */ = {
			isa = XCConfigurationList;
			buildConfigurations = (
				490901C925B91DC100E38196 /* Debug */,
				490901CA25B91DC100E38196 /* Release */,
			);
			defaultConfigurationIsVisible = 0;
			defaultConfigurationName = Release;
		};
/* End XCConfigurationList section */
	};
	rootObject = 4909019025B91DB900E38196 /* Project object */;
}
